// !$*UTF8*$!
{
	archiveVersion = 1;
	classes = {
	};
	objectVersion = 46;
	objects = {

/* Begin PBXBuildFile section */
		270C79151E6B54B70045C868 /* AppDelegate.swift in Sources */ = {isa = PBXBuildFile; fileRef = 270C79141E6B54B70045C868 /* AppDelegate.swift */; };
		270C791D1E6B54B70045C868 /* GameViewController.swift in Sources */ = {isa = PBXBuildFile; fileRef = 270C791C1E6B54B70045C868 /* GameViewController.swift */; };
		270C79201E6B54B70045C868 /* Main.storyboard in Resources */ = {isa = PBXBuildFile; fileRef = 270C791E1E6B54B70045C868 /* Main.storyboard */; };
		270C79221E6B54B70045C868 /* Assets.xcassets in Resources */ = {isa = PBXBuildFile; fileRef = 270C79211E6B54B70045C868 /* Assets.xcassets */; };
		270C79251E6B54B70045C868 /* LaunchScreen.storyboard in Resources */ = {isa = PBXBuildFile; fileRef = 270C79231E6B54B70045C868 /* LaunchScreen.storyboard */; };
		271980DF1E73230F006A058A /* GameScene.swift in Sources */ = {isa = PBXBuildFile; fileRef = 271980DE1E73230F006A058A /* GameScene.swift */; };
		277D47311E74B2B800901D8F /* StarField.swift in Sources */ = {isa = PBXBuildFile; fileRef = 277D47301E74B2B800901D8F /* StarField.swift */; };
		277D47331E74BDC100901D8F /* BlackHole.swift in Sources */ = {isa = PBXBuildFile; fileRef = 277D47321E74BDC100901D8F /* BlackHole.swift */; };
		27A6DCD01E74772D00D66C7D /* PlayerCamera.swift in Sources */ = {isa = PBXBuildFile; fileRef = 27A6DCCF1E74772D00D66C7D /* PlayerCamera.swift */; };
		27B5F30B1E6C335A00F05F72 /* Extensions.swift in Sources */ = {isa = PBXBuildFile; fileRef = 27B5F30A1E6C335A00F05F72 /* Extensions.swift */; };
		27B5F30E1E6C344900F05F72 /* Spaceship.swift in Sources */ = {isa = PBXBuildFile; fileRef = 27B5F30D1E6C344900F05F72 /* Spaceship.swift */; };
		27B5F3101E6C531D00F05F72 /* FieldBorder.swift in Sources */ = {isa = PBXBuildFile; fileRef = 27B5F30F1E6C531D00F05F72 /* FieldBorder.swift */; };
		27B8BDD81E8931E4007D8EF7 /* ConnectionManager.swift in Sources */ = {isa = PBXBuildFile; fileRef = 27B8BDD71E8931E4007D8EF7 /* ConnectionManager.swift */; };
		27B8E02B1E740397003A12DE /* Joystick.swift in Sources */ = {isa = PBXBuildFile; fileRef = 27B8E02A1E740397003A12DE /* Joystick.swift */; };
		27C2E6501E884AB2001A52D5 /* Command.swift in Sources */ = {isa = PBXBuildFile; fileRef = 27C2E64F1E884AB2001A52D5 /* Command.swift */; };
		27C2E6521E884ACC001A52D5 /* CommandProcessor.swift in Sources */ = {isa = PBXBuildFile; fileRef = 27C2E6511E884ACC001A52D5 /* CommandProcessor.swift */; };
		27C2E6551E884AE8001A52D5 /* MoveCommand.swift in Sources */ = {isa = PBXBuildFile; fileRef = 27C2E6541E884AE8001A52D5 /* MoveCommand.swift */; };
		27C2E6571E884B16001A52D5 /* FireCommand.swift in Sources */ = {isa = PBXBuildFile; fileRef = 27C2E6561E884B16001A52D5 /* FireCommand.swift */; };
		27D913021E6D98140030EFAC /* World.swift in Sources */ = {isa = PBXBuildFile; fileRef = 27D913011E6D98140030EFAC /* World.swift */; };
		27D913071E6D98CC0030EFAC /* Background.swift in Sources */ = {isa = PBXBuildFile; fileRef = 27D913061E6D98CC0030EFAC /* Background.swift */; };
		27D913091E6D98FB0030EFAC /* Overlay.swift in Sources */ = {isa = PBXBuildFile; fileRef = 27D913081E6D98FB0030EFAC /* Overlay.swift */; };
		27D9130B1E6DBBE70030EFAC /* Global.swift in Sources */ = {isa = PBXBuildFile; fileRef = 27D9130A1E6DBBE70030EFAC /* Global.swift */; };
		27D9130D1E6DC07D0030EFAC /* LobbyScene.swift in Sources */ = {isa = PBXBuildFile; fileRef = 27D9130C1E6DC07D0030EFAC /* LobbyScene.swift */; };
/* End PBXBuildFile section */

/* Begin PBXFileReference section */
		270C79111E6B54B70045C868 /* SpaceWars.app */ = {isa = PBXFileReference; explicitFileType = wrapper.application; includeInIndex = 0; path = SpaceWars.app; sourceTree = BUILT_PRODUCTS_DIR; };
		270C79141E6B54B70045C868 /* AppDelegate.swift */ = {isa = PBXFileReference; lastKnownFileType = sourcecode.swift; path = AppDelegate.swift; sourceTree = "<group>"; };
		270C791C1E6B54B70045C868 /* GameViewController.swift */ = {isa = PBXFileReference; lastKnownFileType = sourcecode.swift; path = GameViewController.swift; sourceTree = "<group>"; };
		270C791F1E6B54B70045C868 /* Base */ = {isa = PBXFileReference; lastKnownFileType = file.storyboard; name = Base; path = Base.lproj/Main.storyboard; sourceTree = "<group>"; };
		270C79211E6B54B70045C868 /* Assets.xcassets */ = {isa = PBXFileReference; lastKnownFileType = folder.assetcatalog; path = Assets.xcassets; sourceTree = "<group>"; };
		270C79241E6B54B70045C868 /* Base */ = {isa = PBXFileReference; lastKnownFileType = file.storyboard; name = Base; path = Base.lproj/LaunchScreen.storyboard; sourceTree = "<group>"; };
		270C79261E6B54B70045C868 /* Info.plist */ = {isa = PBXFileReference; lastKnownFileType = text.plist.xml; path = Info.plist; sourceTree = "<group>"; };
		271980DE1E73230F006A058A /* GameScene.swift */ = {isa = PBXFileReference; fileEncoding = 4; lastKnownFileType = sourcecode.swift; path = GameScene.swift; sourceTree = "<group>"; };
		277D47301E74B2B800901D8F /* StarField.swift */ = {isa = PBXFileReference; fileEncoding = 4; lastKnownFileType = sourcecode.swift; path = StarField.swift; sourceTree = "<group>"; };
		277D47321E74BDC100901D8F /* BlackHole.swift */ = {isa = PBXFileReference; fileEncoding = 4; lastKnownFileType = sourcecode.swift; path = BlackHole.swift; sourceTree = "<group>"; };
		27A6DCCF1E74772D00D66C7D /* PlayerCamera.swift */ = {isa = PBXFileReference; fileEncoding = 4; lastKnownFileType = sourcecode.swift; path = PlayerCamera.swift; sourceTree = "<group>"; };
		27B5F30A1E6C335A00F05F72 /* Extensions.swift */ = {isa = PBXFileReference; fileEncoding = 4; lastKnownFileType = sourcecode.swift; path = Extensions.swift; sourceTree = "<group>"; };
		27B5F30D1E6C344900F05F72 /* Spaceship.swift */ = {isa = PBXFileReference; fileEncoding = 4; lastKnownFileType = sourcecode.swift; path = Spaceship.swift; sourceTree = "<group>"; };
		27B5F30F1E6C531D00F05F72 /* FieldBorder.swift */ = {isa = PBXFileReference; fileEncoding = 4; lastKnownFileType = sourcecode.swift; path = FieldBorder.swift; sourceTree = "<group>"; };
		27B8BDD71E8931E4007D8EF7 /* ConnectionManager.swift */ = {isa = PBXFileReference; fileEncoding = 4; lastKnownFileType = sourcecode.swift; path = ConnectionManager.swift; sourceTree = "<group>"; };
		27B8E02A1E740397003A12DE /* Joystick.swift */ = {isa = PBXFileReference; fileEncoding = 4; lastKnownFileType = sourcecode.swift; path = Joystick.swift; sourceTree = "<group>"; };
		27C2E64F1E884AB2001A52D5 /* Command.swift */ = {isa = PBXFileReference; fileEncoding = 4; lastKnownFileType = sourcecode.swift; path = Command.swift; sourceTree = "<group>"; };
		27C2E6511E884ACC001A52D5 /* CommandProcessor.swift */ = {isa = PBXFileReference; fileEncoding = 4; lastKnownFileType = sourcecode.swift; path = CommandProcessor.swift; sourceTree = "<group>"; };
		27C2E6541E884AE8001A52D5 /* MoveCommand.swift */ = {isa = PBXFileReference; fileEncoding = 4; lastKnownFileType = sourcecode.swift; path = MoveCommand.swift; sourceTree = "<group>"; };
		27C2E6561E884B16001A52D5 /* FireCommand.swift */ = {isa = PBXFileReference; fileEncoding = 4; lastKnownFileType = sourcecode.swift; path = FireCommand.swift; sourceTree = "<group>"; };
		27D913011E6D98140030EFAC /* World.swift */ = {isa = PBXFileReference; fileEncoding = 4; lastKnownFileType = sourcecode.swift; path = World.swift; sourceTree = "<group>"; };
		27D913061E6D98CC0030EFAC /* Background.swift */ = {isa = PBXFileReference; fileEncoding = 4; lastKnownFileType = sourcecode.swift; path = Background.swift; sourceTree = "<group>"; };
		27D913081E6D98FB0030EFAC /* Overlay.swift */ = {isa = PBXFileReference; fileEncoding = 4; lastKnownFileType = sourcecode.swift; path = Overlay.swift; sourceTree = "<group>"; };
		27D9130A1E6DBBE70030EFAC /* Global.swift */ = {isa = PBXFileReference; fileEncoding = 4; lastKnownFileType = sourcecode.swift; path = Global.swift; sourceTree = "<group>"; };
		27D9130C1E6DC07D0030EFAC /* LobbyScene.swift */ = {isa = PBXFileReference; fileEncoding = 4; lastKnownFileType = sourcecode.swift; path = LobbyScene.swift; sourceTree = "<group>"; };
/* End PBXFileReference section */

/* Begin PBXFrameworksBuildPhase section */
		270C790E1E6B54B70045C868 /* Frameworks */ = {
			isa = PBXFrameworksBuildPhase;
			buildActionMask = 2147483647;
			files = (
			);
			runOnlyForDeploymentPostprocessing = 0;
		};
/* End PBXFrameworksBuildPhase section */

/* Begin PBXGroup section */
		270C79081E6B54B70045C868 = {
			isa = PBXGroup;
			children = (
				270C79131E6B54B70045C868 /* SpaceWars */,
				270C79121E6B54B70045C868 /* Products */,
			);
			sourceTree = "<group>";
		};
		270C79121E6B54B70045C868 /* Products */ = {
			isa = PBXGroup;
			children = (
				270C79111E6B54B70045C868 /* SpaceWars.app */,
			);
			name = Products;
			sourceTree = "<group>";
		};
		270C79131E6B54B70045C868 /* SpaceWars */ = {
			isa = PBXGroup;
			children = (
				27B8BDD61E893173007D8EF7 /* mpc */,
				27C2E64E1E884A71001A52D5 /* commands */,
				27D913051E6D98810030EFAC /* layer */,
				27D913041E6D98400030EFAC /* scene */,
				27D913031E6D98230030EFAC /* extra */,
				27B5F30C1E6C342C00F05F72 /* object */,
				270C79141E6B54B70045C868 /* AppDelegate.swift */,
				270C791C1E6B54B70045C868 /* GameViewController.swift */,
				270C791E1E6B54B70045C868 /* Main.storyboard */,
				270C79211E6B54B70045C868 /* Assets.xcassets */,
				270C79231E6B54B70045C868 /* LaunchScreen.storyboard */,
				270C79261E6B54B70045C868 /* Info.plist */,
			);
			path = SpaceWars;
			sourceTree = "<group>";
		};
		27B5F30C1E6C342C00F05F72 /* object */ = {
			isa = PBXGroup;
			children = (
				27B5F30D1E6C344900F05F72 /* Spaceship.swift */,
				27B5F30F1E6C531D00F05F72 /* FieldBorder.swift */,
				27B8E02A1E740397003A12DE /* Joystick.swift */,
				27A6DCCF1E74772D00D66C7D /* PlayerCamera.swift */,
				277D47301E74B2B800901D8F /* StarField.swift */,
				277D47321E74BDC100901D8F /* BlackHole.swift */,
			);
			name = object;
			sourceTree = "<group>";
		};
		27B8BDD61E893173007D8EF7 /* mpc */ = {
			isa = PBXGroup;
			children = (
				27B8BDD71E8931E4007D8EF7 /* ConnectionManager.swift */,
			);
			name = mpc;
			sourceTree = "<group>";
		};
		27C2E64E1E884A71001A52D5 /* commands */ = {
			isa = PBXGroup;
			children = (
				27C2E64F1E884AB2001A52D5 /* Command.swift */,
				27C2E6511E884ACC001A52D5 /* CommandProcessor.swift */,
				27C2E6541E884AE8001A52D5 /* MoveCommand.swift */,
				27C2E6561E884B16001A52D5 /* FireCommand.swift */,
			);
			name = commands;
			sourceTree = "<group>";
		};
		27D913031E6D98230030EFAC /* extra */ = {
			isa = PBXGroup;
			children = (
				27B5F30A1E6C335A00F05F72 /* Extensions.swift */,
				27D9130A1E6DBBE70030EFAC /* Global.swift */,
			);
			name = extra;
			sourceTree = "<group>";
		};
		27D913041E6D98400030EFAC /* scene */ = {
			isa = PBXGroup;
			children = (
				271980DE1E73230F006A058A /* GameScene.swift */,
				27D9130C1E6DC07D0030EFAC /* LobbyScene.swift */,
			);
			name = scene;
			sourceTree = "<group>";
		};
		27D913051E6D98810030EFAC /* layer */ = {
			isa = PBXGroup;
			children = (
				27D913011E6D98140030EFAC /* World.swift */,
				27D913061E6D98CC0030EFAC /* Background.swift */,
				27D913081E6D98FB0030EFAC /* Overlay.swift */,
			);
			name = layer;
			sourceTree = "<group>";
		};
/* End PBXGroup section */

/* Begin PBXNativeTarget section */
		270C79101E6B54B70045C868 /* SpaceWars */ = {
			isa = PBXNativeTarget;
			buildConfigurationList = 270C79291E6B54B70045C868 /* Build configuration list for PBXNativeTarget "SpaceWars" */;
			buildPhases = (
				270C790D1E6B54B70045C868 /* Sources */,
				270C790E1E6B54B70045C868 /* Frameworks */,
				270C790F1E6B54B70045C868 /* Resources */,
			);
			buildRules = (
			);
			dependencies = (
			);
			name = SpaceWars;
			productName = SpaceWars;
			productReference = 270C79111E6B54B70045C868 /* SpaceWars.app */;
			productType = "com.apple.product-type.application";
		};
/* End PBXNativeTarget section */

/* Begin PBXProject section */
		270C79091E6B54B70045C868 /* Project object */ = {
			isa = PBXProject;
			attributes = {
				LastSwiftUpdateCheck = 0820;
				LastUpgradeCheck = 0820;
				ORGANIZATIONNAME = "Mike Pereira";
				TargetAttributes = {
					270C79101E6B54B70045C868 = {
						CreatedOnToolsVersion = 8.2.1;
						DevelopmentTeam = E499E7H6Y3;
						ProvisioningStyle = Automatic;
					};
				};
			};
			buildConfigurationList = 270C790C1E6B54B70045C868 /* Build configuration list for PBXProject "SpaceWars" */;
			compatibilityVersion = "Xcode 3.2";
			developmentRegion = English;
			hasScannedForEncodings = 0;
			knownRegions = (
				en,
				Base,
			);
			mainGroup = 270C79081E6B54B70045C868;
			productRefGroup = 270C79121E6B54B70045C868 /* Products */;
			projectDirPath = "";
			projectRoot = "";
			targets = (
				270C79101E6B54B70045C868 /* SpaceWars */,
			);
		};
/* End PBXProject section */

/* Begin PBXResourcesBuildPhase section */
		270C790F1E6B54B70045C868 /* Resources */ = {
			isa = PBXResourcesBuildPhase;
			buildActionMask = 2147483647;
			files = (
				270C79201E6B54B70045C868 /* Main.storyboard in Resources */,
				270C79221E6B54B70045C868 /* Assets.xcassets in Resources */,
				270C79251E6B54B70045C868 /* LaunchScreen.storyboard in Resources */,
			);
			runOnlyForDeploymentPostprocessing = 0;
		};
/* End PBXResourcesBuildPhase section */

/* Begin PBXSourcesBuildPhase section */
		270C790D1E6B54B70045C868 /* Sources */ = {
			isa = PBXSourcesBuildPhase;
			buildActionMask = 2147483647;
			files = (
				27B5F3101E6C531D00F05F72 /* FieldBorder.swift in Sources */,
				27D9130D1E6DC07D0030EFAC /* LobbyScene.swift in Sources */,
				270C791D1E6B54B70045C868 /* GameViewController.swift in Sources */,
				270C79151E6B54B70045C868 /* AppDelegate.swift in Sources */,
				277D47311E74B2B800901D8F /* StarField.swift in Sources */,
				27C2E6521E884ACC001A52D5 /* CommandProcessor.swift in Sources */,
				27C2E6571E884B16001A52D5 /* FireCommand.swift in Sources */,
				27D913091E6D98FB0030EFAC /* Overlay.swift in Sources */,
				27B5F30B1E6C335A00F05F72 /* Extensions.swift in Sources */,
				27C2E6501E884AB2001A52D5 /* Command.swift in Sources */,
				27D913071E6D98CC0030EFAC /* Background.swift in Sources */,
				27D913021E6D98140030EFAC /* World.swift in Sources */,
				27D9130B1E6DBBE70030EFAC /* Global.swift in Sources */,
				27B8BDD81E8931E4007D8EF7 /* ConnectionManager.swift in Sources */,
				27A6DCD01E74772D00D66C7D /* PlayerCamera.swift in Sources */,
				277D47331E74BDC100901D8F /* BlackHole.swift in Sources */,
				27B5F30E1E6C344900F05F72 /* Spaceship.swift in Sources */,
				27B8E02B1E740397003A12DE /* Joystick.swift in Sources */,
				27C2E6551E884AE8001A52D5 /* MoveCommand.swift in Sources */,
				271980DF1E73230F006A058A /* GameScene.swift in Sources */,
			);
			runOnlyForDeploymentPostprocessing = 0;
		};
/* End PBXSourcesBuildPhase section */

/* Begin PBXVariantGroup section */
		270C791E1E6B54B70045C868 /* Main.storyboard */ = {
			isa = PBXVariantGroup;
			children = (
				270C791F1E6B54B70045C868 /* Base */,
			);
			name = Main.storyboard;
			sourceTree = "<group>";
		};
		270C79231E6B54B70045C868 /* LaunchScreen.storyboard */ = {
			isa = PBXVariantGroup;
			children = (
				270C79241E6B54B70045C868 /* Base */,
			);
			name = LaunchScreen.storyboard;
			sourceTree = "<group>";
		};
/* End PBXVariantGroup section */

/* Begin XCBuildConfiguration section */
		270C79271E6B54B70045C868 /* Debug */ = {
			isa = XCBuildConfiguration;
			buildSettings = {
				ALWAYS_SEARCH_USER_PATHS = NO;
				CLANG_ANALYZER_NONNULL = YES;
				CLANG_CXX_LANGUAGE_STANDARD = "gnu++0x";
				CLANG_CXX_LIBRARY = "libc++";
				CLANG_ENABLE_MODULES = YES;
				CLANG_ENABLE_OBJC_ARC = YES;
				CLANG_WARN_BOOL_CONVERSION = YES;
				CLANG_WARN_CONSTANT_CONVERSION = YES;
				CLANG_WARN_DIRECT_OBJC_ISA_USAGE = YES_ERROR;
				CLANG_WARN_DOCUMENTATION_COMMENTS = YES;
				CLANG_WARN_EMPTY_BODY = YES;
				CLANG_WARN_ENUM_CONVERSION = YES;
				CLANG_WARN_INFINITE_RECURSION = YES;
				CLANG_WARN_INT_CONVERSION = YES;
				CLANG_WARN_OBJC_ROOT_CLASS = YES_ERROR;
				CLANG_WARN_SUSPICIOUS_MOVE = YES;
				CLANG_WARN_UNREACHABLE_CODE = YES;
				CLANG_WARN__DUPLICATE_METHOD_MATCH = YES;
				"CODE_SIGN_IDENTITY[sdk=iphoneos*]" = "iPhone Developer";
				COPY_PHASE_STRIP = NO;
				DEBUG_INFORMATION_FORMAT = dwarf;
				ENABLE_STRICT_OBJC_MSGSEND = YES;
				ENABLE_TESTABILITY = YES;
				GCC_C_LANGUAGE_STANDARD = gnu99;
				GCC_DYNAMIC_NO_PIC = NO;
				GCC_NO_COMMON_BLOCKS = YES;
				GCC_OPTIMIZATION_LEVEL = 0;
				GCC_PREPROCESSOR_DEFINITIONS = (
					"DEBUG=1",
					"$(inherited)",
				);
				GCC_WARN_64_TO_32_BIT_CONVERSION = YES;
				GCC_WARN_ABOUT_RETURN_TYPE = YES_ERROR;
				GCC_WARN_UNDECLARED_SELECTOR = YES;
				GCC_WARN_UNINITIALIZED_AUTOS = YES_AGGRESSIVE;
				GCC_WARN_UNUSED_FUNCTION = YES;
				GCC_WARN_UNUSED_VARIABLE = YES;
				IPHONEOS_DEPLOYMENT_TARGET = 10.2;
				MTL_ENABLE_DEBUG_INFO = YES;
				ONLY_ACTIVE_ARCH = YES;
				SDKROOT = iphoneos;
				SWIFT_ACTIVE_COMPILATION_CONDITIONS = DEBUG;
				SWIFT_OPTIMIZATION_LEVEL = "-Onone";
				TARGETED_DEVICE_FAMILY = "1,2";
			};
			name = Debug;
		};
		270C79281E6B54B70045C868 /* Release */ = {
			isa = XCBuildConfiguration;
			buildSettings = {
				ALWAYS_SEARCH_USER_PATHS = NO;
				CLANG_ANALYZER_NONNULL = YES;
				CLANG_CXX_LANGUAGE_STANDARD = "gnu++0x";
				CLANG_CXX_LIBRARY = "libc++";
				CLANG_ENABLE_MODULES = YES;
				CLANG_ENABLE_OBJC_ARC = YES;
				CLANG_WARN_BOOL_CONVERSION = YES;
				CLANG_WARN_CONSTANT_CONVERSION = YES;
				CLANG_WARN_DIRECT_OBJC_ISA_USAGE = YES_ERROR;
				CLANG_WARN_DOCUMENTATION_COMMENTS = YES;
				CLANG_WARN_EMPTY_BODY = YES;
				CLANG_WARN_ENUM_CONVERSION = YES;
				CLANG_WARN_INFINITE_RECURSION = YES;
				CLANG_WARN_INT_CONVERSION = YES;
				CLANG_WARN_OBJC_ROOT_CLASS = YES_ERROR;
				CLANG_WARN_SUSPICIOUS_MOVE = YES;
				CLANG_WARN_UNREACHABLE_CODE = YES;
				CLANG_WARN__DUPLICATE_METHOD_MATCH = YES;
				"CODE_SIGN_IDENTITY[sdk=iphoneos*]" = "iPhone Developer";
				COPY_PHASE_STRIP = NO;
				DEBUG_INFORMATION_FORMAT = "dwarf-with-dsym";
				ENABLE_NS_ASSERTIONS = NO;
				ENABLE_STRICT_OBJC_MSGSEND = YES;
				GCC_C_LANGUAGE_STANDARD = gnu99;
				GCC_NO_COMMON_BLOCKS = YES;
				GCC_WARN_64_TO_32_BIT_CONVERSION = YES;
				GCC_WARN_ABOUT_RETURN_TYPE = YES_ERROR;
				GCC_WARN_UNDECLARED_SELECTOR = YES;
				GCC_WARN_UNINITIALIZED_AUTOS = YES_AGGRESSIVE;
				GCC_WARN_UNUSED_FUNCTION = YES;
				GCC_WARN_UNUSED_VARIABLE = YES;
				IPHONEOS_DEPLOYMENT_TARGET = 10.2;
				MTL_ENABLE_DEBUG_INFO = NO;
				SDKROOT = iphoneos;
				SWIFT_OPTIMIZATION_LEVEL = "-Owholemodule";
				TARGETED_DEVICE_FAMILY = "1,2";
				VALIDATE_PRODUCT = YES;
			};
			name = Release;
		};
		270C792A1E6B54B70045C868 /* Debug */ = {
			isa = XCBuildConfiguration;
			buildSettings = {
				ASSETCATALOG_COMPILER_APPICON_NAME = AppIcon;
				DEVELOPMENT_TEAM = E499E7H6Y3;
				INFOPLIST_FILE = SpaceWars/Info.plist;
				IPHONEOS_DEPLOYMENT_TARGET = 10.2;
				LD_RUNPATH_SEARCH_PATHS = "$(inherited) @executable_path/Frameworks";
				PRODUCT_BUNDLE_IDENTIFIER = lu.uni.mike.SpaceWars;
				PRODUCT_NAME = "$(TARGET_NAME)";
				SWIFT_VERSION = 3.0;
				TARGETED_DEVICE_FAMILY = "1,2";
			};
			name = Debug;
		};
		270C792B1E6B54B70045C868 /* Release */ = {
			isa = XCBuildConfiguration;
			buildSettings = {
				ASSETCATALOG_COMPILER_APPICON_NAME = AppIcon;
				DEVELOPMENT_TEAM = E499E7H6Y3;
				INFOPLIST_FILE = SpaceWars/Info.plist;
				IPHONEOS_DEPLOYMENT_TARGET = 10.2;
				LD_RUNPATH_SEARCH_PATHS = "$(inherited) @executable_path/Frameworks";
				PRODUCT_BUNDLE_IDENTIFIER = lu.uni.mike.SpaceWars;
				PRODUCT_NAME = "$(TARGET_NAME)";
				SWIFT_VERSION = 3.0;
				TARGETED_DEVICE_FAMILY = "1,2";
			};
			name = Release;
		};
/* End XCBuildConfiguration section */

/* Begin XCConfigurationList section */
		270C790C1E6B54B70045C868 /* Build configuration list for PBXProject "SpaceWars" */ = {
			isa = XCConfigurationList;
			buildConfigurations = (
				270C79271E6B54B70045C868 /* Debug */,
				270C79281E6B54B70045C868 /* Release */,
			);
			defaultConfigurationIsVisible = 0;
			defaultConfigurationName = Release;
		};
		270C79291E6B54B70045C868 /* Build configuration list for PBXNativeTarget "SpaceWars" */ = {
			isa = XCConfigurationList;
			buildConfigurations = (
				270C792A1E6B54B70045C868 /* Debug */,
				270C792B1E6B54B70045C868 /* Release */,
			);
			defaultConfigurationIsVisible = 0;
			defaultConfigurationName = Release;
		};
/* End XCConfigurationList section */
	};
	rootObject = 270C79091E6B54B70045C868 /* Project object */;
}
