// !$*UTF8*$!
{
	archiveVersion = 1;
	classes = {
	};
	objectVersion = 46;
	objects = {

/* Begin PBXBuildFile section */
		270251F81EA8F41A00C5605A /* LifeOrb.swift in Sources */ = {isa = PBXBuildFile; fileRef = 270251F71EA8F41A00C5605A /* LifeOrb.swift */; };
		270B62FF1EBF671F0080D05B /* PauseButton.swift in Sources */ = {isa = PBXBuildFile; fileRef = 270B62FE1EBF671F0080D05B /* PauseButton.swift */; };
		270C79151E6B54B70045C868 /* AppDelegate.swift in Sources */ = {isa = PBXBuildFile; fileRef = 270C79141E6B54B70045C868 /* AppDelegate.swift */; };
		270C791D1E6B54B70045C868 /* GameViewController.swift in Sources */ = {isa = PBXBuildFile; fileRef = 270C791C1E6B54B70045C868 /* GameViewController.swift */; };
		270C79201E6B54B70045C868 /* Main.storyboard in Resources */ = {isa = PBXBuildFile; fileRef = 270C791E1E6B54B70045C868 /* Main.storyboard */; };
		270C79221E6B54B70045C868 /* Assets.xcassets in Resources */ = {isa = PBXBuildFile; fileRef = 270C79211E6B54B70045C868 /* Assets.xcassets */; };
		270C79251E6B54B70045C868 /* LaunchScreen.storyboard in Resources */ = {isa = PBXBuildFile; fileRef = 270C79231E6B54B70045C868 /* LaunchScreen.storyboard */; };
		270D97161E9A37CB00FFA117 /* SpacefieldBorder.swift in Sources */ = {isa = PBXBuildFile; fileRef = 270D97151E9A37CB00FFA117 /* SpacefieldBorder.swift */; };
		270D97181E9A385600FFA117 /* GameEnvironment.swift in Sources */ = {isa = PBXBuildFile; fileRef = 270D97171E9A385600FFA117 /* GameEnvironment.swift */; };
		270D971C1E9A4AB500FFA117 /* Blackhole.swift in Sources */ = {isa = PBXBuildFile; fileRef = 270D971B1E9A4AB500FFA117 /* Blackhole.swift */; };
		271980DF1E73230F006A058A /* GameScene.swift in Sources */ = {isa = PBXBuildFile; fileRef = 271980DE1E73230F006A058A /* GameScene.swift */; };
		2719C9DD1E99153D009D57B3 /* GameObject.swift in Sources */ = {isa = PBXBuildFile; fileRef = 2719C9DC1E99153D009D57B3 /* GameObject.swift */; };
		2719C9DF1E9916F8009D57B3 /* HumanShip.swift in Sources */ = {isa = PBXBuildFile; fileRef = 2719C9DE1E9916F8009D57B3 /* HumanShip.swift */; };
		2719C9E11E99171A009D57B3 /* RobotShip.swift in Sources */ = {isa = PBXBuildFile; fileRef = 2719C9E01E99171A009D57B3 /* RobotShip.swift */; };
		2719C9E31E99172C009D57B3 /* SkeletonShip.swift in Sources */ = {isa = PBXBuildFile; fileRef = 2719C9E21E99172C009D57B3 /* SkeletonShip.swift */; };
		2719C9E71E991764009D57B3 /* CPUSlaveShip.swift in Sources */ = {isa = PBXBuildFile; fileRef = 2719C9E61E991764009D57B3 /* CPUSlaveShip.swift */; };
		2719C9E91E99177E009D57B3 /* CPUMasterShip.swift in Sources */ = {isa = PBXBuildFile; fileRef = 2719C9E81E99177E009D57B3 /* CPUMasterShip.swift */; };
		2719C9EC1E991801009D57B3 /* Spaceship.swift in Sources */ = {isa = PBXBuildFile; fileRef = 2719C9EB1E991801009D57B3 /* Spaceship.swift */; };
		271F699A1EB62E0200AAC43B /* Countdown.swift in Sources */ = {isa = PBXBuildFile; fileRef = 271F69991EB62E0200AAC43B /* Countdown.swift */; };
		271F699C1EB686F100AAC43B /* Player.swift in Sources */ = {isa = PBXBuildFile; fileRef = 271F699B1EB686F100AAC43B /* Player.swift */; };
		271F699E1EB6876600AAC43B /* ServerInterface.swift in Sources */ = {isa = PBXBuildFile; fileRef = 271F699D1EB6876600AAC43B /* ServerInterface.swift */; };
		2734B1C31E9ACDB500EB71C2 /* ObjectManager.swift in Sources */ = {isa = PBXBuildFile; fileRef = 2734B1C21E9ACDB500EB71C2 /* ObjectManager.swift */; };
		2734B1C51E9AE39700EB71C2 /* FireButton.swift in Sources */ = {isa = PBXBuildFile; fileRef = 2734B1C41E9AE39700EB71C2 /* FireButton.swift */; };
		273678BA1E9FEE4D0055A643 /* Dilithium.swift in Sources */ = {isa = PBXBuildFile; fileRef = 273678B91E9FEE4C0055A643 /* Dilithium.swift */; };
		273CAE8F1EAB997B00E9213C /* Spacestation.swift in Sources */ = {isa = PBXBuildFile; fileRef = 273CAE8E1EAB997B00E9213C /* Spacestation.swift */; };
		277D47311E74B2B800901D8F /* StarField.swift in Sources */ = {isa = PBXBuildFile; fileRef = 277D47301E74B2B800901D8F /* StarField.swift */; };
		2796F3791E9BFA7F006411AC /* Torpedo.swift in Sources */ = {isa = PBXBuildFile; fileRef = 2796F3781E9BFA7F006411AC /* Torpedo.swift */; };
		27992DB61EAA363F00DF24A7 /* MiniMap.swift in Sources */ = {isa = PBXBuildFile; fileRef = 27992DB51EAA363F00DF24A7 /* MiniMap.swift */; };
		279F414D1EBCA3EB006AF5A8 /* SelectionDisplay.swift in Sources */ = {isa = PBXBuildFile; fileRef = 279F414C1EBCA3EB006AF5A8 /* SelectionDisplay.swift */; };
		27A6DCD01E74772D00D66C7D /* PlayerCamera.swift in Sources */ = {isa = PBXBuildFile; fileRef = 27A6DCCF1E74772D00D66C7D /* PlayerCamera.swift */; };
		27B5F30B1E6C335A00F05F72 /* Extensions.swift in Sources */ = {isa = PBXBuildFile; fileRef = 27B5F30A1E6C335A00F05F72 /* Extensions.swift */; };
		27B752DA1EA960BD001CFD51 /* Meteoroid.swift in Sources */ = {isa = PBXBuildFile; fileRef = 27B752D91EA960BD001CFD51 /* Meteoroid.swift */; };
		27B752DC1EA960D0001CFD51 /* SmallMeteoroid.swift in Sources */ = {isa = PBXBuildFile; fileRef = 27B752DB1EA960D0001CFD51 /* SmallMeteoroid.swift */; };
		27B752DE1EA960E2001CFD51 /* BigMeteoroid.swift in Sources */ = {isa = PBXBuildFile; fileRef = 27B752DD1EA960E2001CFD51 /* BigMeteoroid.swift */; };
		27B79C831E9D64A000DC4AD2 /* BarIndicator.swift in Sources */ = {isa = PBXBuildFile; fileRef = 27B79C821E9D64A000DC4AD2 /* BarIndicator.swift */; };
		27B8BDD81E8931E4007D8EF7 /* ConnectionManager.swift in Sources */ = {isa = PBXBuildFile; fileRef = 27B8BDD71E8931E4007D8EF7 /* ConnectionManager.swift */; };
		27B8BDDA1E8944A8007D8EF7 /* LobbyViewController.swift in Sources */ = {isa = PBXBuildFile; fileRef = 27B8BDD91E8944A8007D8EF7 /* LobbyViewController.swift */; };
		27B8E02B1E740397003A12DE /* Joystick.swift in Sources */ = {isa = PBXBuildFile; fileRef = 27B8E02A1E740397003A12DE /* Joystick.swift */; };
		27BF00891EBBA00C00EBA1C8 /* ShipSelection.swift in Sources */ = {isa = PBXBuildFile; fileRef = 27BF00881EBBA00C00EBA1C8 /* ShipSelection.swift */; };
		27BF008B1EBBA25B00EBA1C8 /* NavigationButtons.swift in Sources */ = {isa = PBXBuildFile; fileRef = 27BF008A1EBBA25B00EBA1C8 /* NavigationButtons.swift */; };
		27BF008D1EBBD8F500EBA1C8 /* StartButton.swift in Sources */ = {isa = PBXBuildFile; fileRef = 27BF008C1EBBD8F500EBA1C8 /* StartButton.swift */; };
		27C2E6501E884AB2001A52D5 /* Command.swift in Sources */ = {isa = PBXBuildFile; fileRef = 27C2E64F1E884AB2001A52D5 /* Command.swift */; };
		27C2E6521E884ACC001A52D5 /* CommandProcessor.swift in Sources */ = {isa = PBXBuildFile; fileRef = 27C2E6511E884ACC001A52D5 /* CommandProcessor.swift */; };
		27C2E6551E884AE8001A52D5 /* MoveServerCommand.swift in Sources */ = {isa = PBXBuildFile; fileRef = 27C2E6541E884AE8001A52D5 /* MoveServerCommand.swift */; };
		27C3A2091EB72B0200337027 /* ClientInterface.swift in Sources */ = {isa = PBXBuildFile; fileRef = 27C3A2081EB72B0200337027 /* ClientInterface.swift */; };
		27C3A20B1EB72F8200337027 /* MoveClientCommand.swift in Sources */ = {isa = PBXBuildFile; fileRef = 27C3A20A1EB72F8200337027 /* MoveClientCommand.swift */; };
		27C3A20D1EB73B4B00337027 /* NameServerCommand.swift in Sources */ = {isa = PBXBuildFile; fileRef = 27C3A20C1EB73B4B00337027 /* NameServerCommand.swift */; };
		27C3A20F1EB73B5900337027 /* NameClientCommand.swift in Sources */ = {isa = PBXBuildFile; fileRef = 27C3A20E1EB73B5900337027 /* NameClientCommand.swift */; };
		27CABFEB1E99235500CE0717 /* SwiftyJSON.swift in Sources */ = {isa = PBXBuildFile; fileRef = 27CABFEA1E99235500CE0717 /* SwiftyJSON.swift */; };
		27CABFED1E99418200CE0717 /* IDCounter.swift in Sources */ = {isa = PBXBuildFile; fileRef = 27CABFEC1E99418200CE0717 /* IDCounter.swift */; };
		27CE1EEA1EBE316800BCB59E /* SetupClientCommand.swift in Sources */ = {isa = PBXBuildFile; fileRef = 27CE1EE91EBE316800BCB59E /* SetupClientCommand.swift */; };
		27D913021E6D98140030EFAC /* World.swift in Sources */ = {isa = PBXBuildFile; fileRef = 27D913011E6D98140030EFAC /* World.swift */; };
		27D913071E6D98CC0030EFAC /* Background.swift in Sources */ = {isa = PBXBuildFile; fileRef = 27D913061E6D98CC0030EFAC /* Background.swift */; };
		27D913091E6D98FB0030EFAC /* Overlay.swift in Sources */ = {isa = PBXBuildFile; fileRef = 27D913081E6D98FB0030EFAC /* Overlay.swift */; };
		27D9130B1E6DBBE70030EFAC /* Global.swift in Sources */ = {isa = PBXBuildFile; fileRef = 27D9130A1E6DBBE70030EFAC /* Global.swift */; };
		27D9130D1E6DC07D0030EFAC /* ShipSelectionScene.swift in Sources */ = {isa = PBXBuildFile; fileRef = 27D9130C1E6DC07D0030EFAC /* ShipSelectionScene.swift */; };
		27E589141EAB4C120096247F /* Textures.swift in Sources */ = {isa = PBXBuildFile; fileRef = 27E589131EAB4C120096247F /* Textures.swift */; };
		27E6BE281EBF19E1008FFC42 /* CollisionClientCommand.swift in Sources */ = {isa = PBXBuildFile; fileRef = 27E6BE271EBF19E1008FFC42 /* CollisionClientCommand.swift */; };
		27E6BE2A1EBF241F008FFC42 /* FireServerCommand.swift in Sources */ = {isa = PBXBuildFile; fileRef = 27E6BE291EBF241F008FFC42 /* FireServerCommand.swift */; };
		27E6BE2C1EBF2435008FFC42 /* FireClientCommand.swift in Sources */ = {isa = PBXBuildFile; fileRef = 27E6BE2B1EBF2435008FFC42 /* FireClientCommand.swift */; };
		27E6BE2E1EBF25B0008FFC42 /* PauseServerCommand.swift in Sources */ = {isa = PBXBuildFile; fileRef = 27E6BE2D1EBF25B0008FFC42 /* PauseServerCommand.swift */; };
		27E6BE301EBF25BF008FFC42 /* PauseClientCommand.swift in Sources */ = {isa = PBXBuildFile; fileRef = 27E6BE2F1EBF25BF008FFC42 /* PauseClientCommand.swift */; };
		27E6BE321EBF260E008FFC42 /* StateSyncClientCommand.swift in Sources */ = {isa = PBXBuildFile; fileRef = 27E6BE311EBF260E008FFC42 /* StateSyncClientCommand.swift */; };
		27E6BE341EBF26A0008FFC42 /* StationStatusClientCommand.swift in Sources */ = {isa = PBXBuildFile; fileRef = 27E6BE331EBF26A0008FFC42 /* StationStatusClientCommand.swift */; };
		27E6BE361EBF26F8008FFC42 /* ItemRespawnClientCommand.swift in Sources */ = {isa = PBXBuildFile; fileRef = 27E6BE351EBF26F8008FFC42 /* ItemRespawnClientCommand.swift */; };
		27E6BE3A1EBF2748008FFC42 /* GameoverClientCommand.swift in Sources */ = {isa = PBXBuildFile; fileRef = 27E6BE391EBF2748008FFC42 /* GameoverClientCommand.swift */; };
		27E6BE3C1EBF2EDC008FFC42 /* StartClientCommand.swift in Sources */ = {isa = PBXBuildFile; fileRef = 27E6BE3B1EBF2EDC008FFC42 /* StartClientCommand.swift */; };
		27E6BE3E1EBF3D82008FFC42 /* PausePanel.swift in Sources */ = {isa = PBXBuildFile; fileRef = 27E6BE3D1EBF3D82008FFC42 /* PausePanel.swift */; };
		27F9C1CA1EAC904F00B39165 /* CPUController.swift in Sources */ = {isa = PBXBuildFile; fileRef = 27F9C1C91EAC904F00B39165 /* CPUController.swift */; };
		27FDE9D81EB9F1C600631788 /* StartShipSelectionClientCommand.swift in Sources */ = {isa = PBXBuildFile; fileRef = 27FDE9D71EB9F1C600631788 /* StartShipSelectionClientCommand.swift */; };
		27FDE9DA1EBA06A400631788 /* ShipSelectedClientCommand.swift in Sources */ = {isa = PBXBuildFile; fileRef = 27FDE9D91EBA06A400631788 /* ShipSelectedClientCommand.swift */; };
		27FDE9DC1EBA06BB00631788 /* ShipSelectedServerCommand.swift in Sources */ = {isa = PBXBuildFile; fileRef = 27FDE9DB1EBA06BB00631788 /* ShipSelectedServerCommand.swift */; };
/* End PBXBuildFile section */

/* Begin PBXFileReference section */
		270251F71EA8F41A00C5605A /* LifeOrb.swift */ = {isa = PBXFileReference; fileEncoding = 4; lastKnownFileType = sourcecode.swift; path = LifeOrb.swift; sourceTree = "<group>"; };
		270B62FE1EBF671F0080D05B /* PauseButton.swift */ = {isa = PBXFileReference; fileEncoding = 4; lastKnownFileType = sourcecode.swift; path = PauseButton.swift; sourceTree = "<group>"; };
		270C79111E6B54B70045C868 /* SpaceWars.app */ = {isa = PBXFileReference; explicitFileType = wrapper.application; includeInIndex = 0; path = SpaceWars.app; sourceTree = BUILT_PRODUCTS_DIR; };
		270C79141E6B54B70045C868 /* AppDelegate.swift */ = {isa = PBXFileReference; lastKnownFileType = sourcecode.swift; path = AppDelegate.swift; sourceTree = "<group>"; };
		270C791C1E6B54B70045C868 /* GameViewController.swift */ = {isa = PBXFileReference; lastKnownFileType = sourcecode.swift; path = GameViewController.swift; sourceTree = "<group>"; };
		270C791F1E6B54B70045C868 /* Base */ = {isa = PBXFileReference; lastKnownFileType = file.storyboard; name = Base; path = Base.lproj/Main.storyboard; sourceTree = "<group>"; };
		270C79211E6B54B70045C868 /* Assets.xcassets */ = {isa = PBXFileReference; lastKnownFileType = folder.assetcatalog; path = Assets.xcassets; sourceTree = "<group>"; };
		270C79241E6B54B70045C868 /* Base */ = {isa = PBXFileReference; lastKnownFileType = file.storyboard; name = Base; path = Base.lproj/LaunchScreen.storyboard; sourceTree = "<group>"; };
		270C79261E6B54B70045C868 /* Info.plist */ = {isa = PBXFileReference; lastKnownFileType = text.plist.xml; path = Info.plist; sourceTree = "<group>"; };
		270D97151E9A37CB00FFA117 /* SpacefieldBorder.swift */ = {isa = PBXFileReference; fileEncoding = 4; lastKnownFileType = sourcecode.swift; path = SpacefieldBorder.swift; sourceTree = "<group>"; };
		270D97171E9A385600FFA117 /* GameEnvironment.swift */ = {isa = PBXFileReference; fileEncoding = 4; lastKnownFileType = sourcecode.swift; path = GameEnvironment.swift; sourceTree = "<group>"; };
		270D971B1E9A4AB500FFA117 /* Blackhole.swift */ = {isa = PBXFileReference; fileEncoding = 4; lastKnownFileType = sourcecode.swift; path = Blackhole.swift; sourceTree = "<group>"; };
		271980DE1E73230F006A058A /* GameScene.swift */ = {isa = PBXFileReference; fileEncoding = 4; lastKnownFileType = sourcecode.swift; path = GameScene.swift; sourceTree = "<group>"; };
		2719C9DC1E99153D009D57B3 /* GameObject.swift */ = {isa = PBXFileReference; fileEncoding = 4; lastKnownFileType = sourcecode.swift; path = GameObject.swift; sourceTree = "<group>"; };
		2719C9DE1E9916F8009D57B3 /* HumanShip.swift */ = {isa = PBXFileReference; fileEncoding = 4; lastKnownFileType = sourcecode.swift; path = HumanShip.swift; sourceTree = "<group>"; };
		2719C9E01E99171A009D57B3 /* RobotShip.swift */ = {isa = PBXFileReference; fileEncoding = 4; lastKnownFileType = sourcecode.swift; path = RobotShip.swift; sourceTree = "<group>"; };
		2719C9E21E99172C009D57B3 /* SkeletonShip.swift */ = {isa = PBXFileReference; fileEncoding = 4; lastKnownFileType = sourcecode.swift; path = SkeletonShip.swift; sourceTree = "<group>"; };
		2719C9E61E991764009D57B3 /* CPUSlaveShip.swift */ = {isa = PBXFileReference; fileEncoding = 4; lastKnownFileType = sourcecode.swift; path = CPUSlaveShip.swift; sourceTree = "<group>"; };
		2719C9E81E99177E009D57B3 /* CPUMasterShip.swift */ = {isa = PBXFileReference; fileEncoding = 4; lastKnownFileType = sourcecode.swift; path = CPUMasterShip.swift; sourceTree = "<group>"; };
		2719C9EB1E991801009D57B3 /* Spaceship.swift */ = {isa = PBXFileReference; fileEncoding = 4; lastKnownFileType = sourcecode.swift; path = Spaceship.swift; sourceTree = "<group>"; };
		271F69991EB62E0200AAC43B /* Countdown.swift */ = {isa = PBXFileReference; fileEncoding = 4; lastKnownFileType = sourcecode.swift; path = Countdown.swift; sourceTree = "<group>"; };
		271F699B1EB686F100AAC43B /* Player.swift */ = {isa = PBXFileReference; fileEncoding = 4; lastKnownFileType = sourcecode.swift; path = Player.swift; sourceTree = "<group>"; };
		271F699D1EB6876600AAC43B /* ServerInterface.swift */ = {isa = PBXFileReference; fileEncoding = 4; lastKnownFileType = sourcecode.swift; path = ServerInterface.swift; sourceTree = "<group>"; };
		2734B1C21E9ACDB500EB71C2 /* ObjectManager.swift */ = {isa = PBXFileReference; fileEncoding = 4; lastKnownFileType = sourcecode.swift; path = ObjectManager.swift; sourceTree = "<group>"; };
		2734B1C41E9AE39700EB71C2 /* FireButton.swift */ = {isa = PBXFileReference; fileEncoding = 4; lastKnownFileType = sourcecode.swift; path = FireButton.swift; sourceTree = "<group>"; };
		273678B91E9FEE4C0055A643 /* Dilithium.swift */ = {isa = PBXFileReference; fileEncoding = 4; lastKnownFileType = sourcecode.swift; path = Dilithium.swift; sourceTree = "<group>"; };
		273CAE8E1EAB997B00E9213C /* Spacestation.swift */ = {isa = PBXFileReference; fileEncoding = 4; lastKnownFileType = sourcecode.swift; path = Spacestation.swift; sourceTree = "<group>"; };
		277D47301E74B2B800901D8F /* StarField.swift */ = {isa = PBXFileReference; fileEncoding = 4; lastKnownFileType = sourcecode.swift; path = StarField.swift; sourceTree = "<group>"; };
		2796F3781E9BFA7F006411AC /* Torpedo.swift */ = {isa = PBXFileReference; fileEncoding = 4; lastKnownFileType = sourcecode.swift; path = Torpedo.swift; sourceTree = "<group>"; };
		27992DB51EAA363F00DF24A7 /* MiniMap.swift */ = {isa = PBXFileReference; fileEncoding = 4; lastKnownFileType = sourcecode.swift; path = MiniMap.swift; sourceTree = "<group>"; };
		279F414C1EBCA3EB006AF5A8 /* SelectionDisplay.swift */ = {isa = PBXFileReference; fileEncoding = 4; lastKnownFileType = sourcecode.swift; path = SelectionDisplay.swift; sourceTree = "<group>"; };
		27A6DCCF1E74772D00D66C7D /* PlayerCamera.swift */ = {isa = PBXFileReference; fileEncoding = 4; lastKnownFileType = sourcecode.swift; path = PlayerCamera.swift; sourceTree = "<group>"; };
		27B5F30A1E6C335A00F05F72 /* Extensions.swift */ = {isa = PBXFileReference; fileEncoding = 4; lastKnownFileType = sourcecode.swift; path = Extensions.swift; sourceTree = "<group>"; };
		27B752D91EA960BD001CFD51 /* Meteoroid.swift */ = {isa = PBXFileReference; fileEncoding = 4; lastKnownFileType = sourcecode.swift; path = Meteoroid.swift; sourceTree = "<group>"; };
		27B752DB1EA960D0001CFD51 /* SmallMeteoroid.swift */ = {isa = PBXFileReference; fileEncoding = 4; lastKnownFileType = sourcecode.swift; path = SmallMeteoroid.swift; sourceTree = "<group>"; };
		27B752DD1EA960E2001CFD51 /* BigMeteoroid.swift */ = {isa = PBXFileReference; fileEncoding = 4; lastKnownFileType = sourcecode.swift; path = BigMeteoroid.swift; sourceTree = "<group>"; };
		27B79C821E9D64A000DC4AD2 /* BarIndicator.swift */ = {isa = PBXFileReference; fileEncoding = 4; lastKnownFileType = sourcecode.swift; path = BarIndicator.swift; sourceTree = "<group>"; };
		27B8BDD71E8931E4007D8EF7 /* ConnectionManager.swift */ = {isa = PBXFileReference; fileEncoding = 4; lastKnownFileType = sourcecode.swift; path = ConnectionManager.swift; sourceTree = "<group>"; };
		27B8BDD91E8944A8007D8EF7 /* LobbyViewController.swift */ = {isa = PBXFileReference; fileEncoding = 4; lastKnownFileType = sourcecode.swift; path = LobbyViewController.swift; sourceTree = "<group>"; };
		27B8E02A1E740397003A12DE /* Joystick.swift */ = {isa = PBXFileReference; fileEncoding = 4; lastKnownFileType = sourcecode.swift; path = Joystick.swift; sourceTree = "<group>"; };
		27BF00881EBBA00C00EBA1C8 /* ShipSelection.swift */ = {isa = PBXFileReference; fileEncoding = 4; lastKnownFileType = sourcecode.swift; path = ShipSelection.swift; sourceTree = "<group>"; };
		27BF008A1EBBA25B00EBA1C8 /* NavigationButtons.swift */ = {isa = PBXFileReference; fileEncoding = 4; lastKnownFileType = sourcecode.swift; path = NavigationButtons.swift; sourceTree = "<group>"; };
		27BF008C1EBBD8F500EBA1C8 /* StartButton.swift */ = {isa = PBXFileReference; fileEncoding = 4; lastKnownFileType = sourcecode.swift; path = StartButton.swift; sourceTree = "<group>"; };
		27C2E64F1E884AB2001A52D5 /* Command.swift */ = {isa = PBXFileReference; fileEncoding = 4; lastKnownFileType = sourcecode.swift; path = Command.swift; sourceTree = "<group>"; };
		27C2E6511E884ACC001A52D5 /* CommandProcessor.swift */ = {isa = PBXFileReference; fileEncoding = 4; lastKnownFileType = sourcecode.swift; path = CommandProcessor.swift; sourceTree = "<group>"; };
		27C2E6541E884AE8001A52D5 /* MoveServerCommand.swift */ = {isa = PBXFileReference; fileEncoding = 4; lastKnownFileType = sourcecode.swift; path = MoveServerCommand.swift; sourceTree = "<group>"; };
		27C3A2081EB72B0200337027 /* ClientInterface.swift */ = {isa = PBXFileReference; fileEncoding = 4; lastKnownFileType = sourcecode.swift; path = ClientInterface.swift; sourceTree = "<group>"; };
		27C3A20A1EB72F8200337027 /* MoveClientCommand.swift */ = {isa = PBXFileReference; fileEncoding = 4; lastKnownFileType = sourcecode.swift; path = MoveClientCommand.swift; sourceTree = "<group>"; };
		27C3A20C1EB73B4B00337027 /* NameServerCommand.swift */ = {isa = PBXFileReference; fileEncoding = 4; lastKnownFileType = sourcecode.swift; path = NameServerCommand.swift; sourceTree = "<group>"; };
		27C3A20E1EB73B5900337027 /* NameClientCommand.swift */ = {isa = PBXFileReference; fileEncoding = 4; lastKnownFileType = sourcecode.swift; path = NameClientCommand.swift; sourceTree = "<group>"; };
		27CABFEA1E99235500CE0717 /* SwiftyJSON.swift */ = {isa = PBXFileReference; fileEncoding = 4; lastKnownFileType = sourcecode.swift; path = SwiftyJSON.swift; sourceTree = "<group>"; };
		27CABFEC1E99418200CE0717 /* IDCounter.swift */ = {isa = PBXFileReference; fileEncoding = 4; lastKnownFileType = sourcecode.swift; path = IDCounter.swift; sourceTree = "<group>"; };
		27CE1EE91EBE316800BCB59E /* SetupClientCommand.swift */ = {isa = PBXFileReference; fileEncoding = 4; lastKnownFileType = sourcecode.swift; path = SetupClientCommand.swift; sourceTree = "<group>"; };
		27D913011E6D98140030EFAC /* World.swift */ = {isa = PBXFileReference; fileEncoding = 4; lastKnownFileType = sourcecode.swift; path = World.swift; sourceTree = "<group>"; };
		27D913061E6D98CC0030EFAC /* Background.swift */ = {isa = PBXFileReference; fileEncoding = 4; lastKnownFileType = sourcecode.swift; path = Background.swift; sourceTree = "<group>"; };
		27D913081E6D98FB0030EFAC /* Overlay.swift */ = {isa = PBXFileReference; fileEncoding = 4; lastKnownFileType = sourcecode.swift; path = Overlay.swift; sourceTree = "<group>"; };
		27D9130A1E6DBBE70030EFAC /* Global.swift */ = {isa = PBXFileReference; fileEncoding = 4; lastKnownFileType = sourcecode.swift; path = Global.swift; sourceTree = "<group>"; };
		27D9130C1E6DC07D0030EFAC /* ShipSelectionScene.swift */ = {isa = PBXFileReference; fileEncoding = 4; lastKnownFileType = sourcecode.swift; path = ShipSelectionScene.swift; sourceTree = "<group>"; };
		27E589131EAB4C120096247F /* Textures.swift */ = {isa = PBXFileReference; fileEncoding = 4; lastKnownFileType = sourcecode.swift; path = Textures.swift; sourceTree = "<group>"; };
		27E6BE271EBF19E1008FFC42 /* CollisionClientCommand.swift */ = {isa = PBXFileReference; fileEncoding = 4; lastKnownFileType = sourcecode.swift; path = CollisionClientCommand.swift; sourceTree = "<group>"; };
		27E6BE291EBF241F008FFC42 /* FireServerCommand.swift */ = {isa = PBXFileReference; fileEncoding = 4; lastKnownFileType = sourcecode.swift; path = FireServerCommand.swift; sourceTree = "<group>"; };
		27E6BE2B1EBF2435008FFC42 /* FireClientCommand.swift */ = {isa = PBXFileReference; fileEncoding = 4; lastKnownFileType = sourcecode.swift; path = FireClientCommand.swift; sourceTree = "<group>"; };
		27E6BE2D1EBF25B0008FFC42 /* PauseServerCommand.swift */ = {isa = PBXFileReference; fileEncoding = 4; lastKnownFileType = sourcecode.swift; path = PauseServerCommand.swift; sourceTree = "<group>"; };
		27E6BE2F1EBF25BF008FFC42 /* PauseClientCommand.swift */ = {isa = PBXFileReference; fileEncoding = 4; lastKnownFileType = sourcecode.swift; path = PauseClientCommand.swift; sourceTree = "<group>"; };
		27E6BE311EBF260E008FFC42 /* StateSyncClientCommand.swift */ = {isa = PBXFileReference; fileEncoding = 4; lastKnownFileType = sourcecode.swift; path = StateSyncClientCommand.swift; sourceTree = "<group>"; };
		27E6BE331EBF26A0008FFC42 /* StationStatusClientCommand.swift */ = {isa = PBXFileReference; fileEncoding = 4; lastKnownFileType = sourcecode.swift; path = StationStatusClientCommand.swift; sourceTree = "<group>"; };
		27E6BE351EBF26F8008FFC42 /* ItemRespawnClientCommand.swift */ = {isa = PBXFileReference; fileEncoding = 4; lastKnownFileType = sourcecode.swift; path = ItemRespawnClientCommand.swift; sourceTree = "<group>"; };
		27E6BE391EBF2748008FFC42 /* GameoverClientCommand.swift */ = {isa = PBXFileReference; fileEncoding = 4; lastKnownFileType = sourcecode.swift; path = GameoverClientCommand.swift; sourceTree = "<group>"; };
		27E6BE3B1EBF2EDC008FFC42 /* StartClientCommand.swift */ = {isa = PBXFileReference; fileEncoding = 4; lastKnownFileType = sourcecode.swift; path = StartClientCommand.swift; sourceTree = "<group>"; };
		27E6BE3D1EBF3D82008FFC42 /* PausePanel.swift */ = {isa = PBXFileReference; fileEncoding = 4; lastKnownFileType = sourcecode.swift; path = PausePanel.swift; sourceTree = "<group>"; };
		27F9C1C91EAC904F00B39165 /* CPUController.swift */ = {isa = PBXFileReference; fileEncoding = 4; lastKnownFileType = sourcecode.swift; path = CPUController.swift; sourceTree = "<group>"; };
		27FDE9D71EB9F1C600631788 /* StartShipSelectionClientCommand.swift */ = {isa = PBXFileReference; fileEncoding = 4; lastKnownFileType = sourcecode.swift; path = StartShipSelectionClientCommand.swift; sourceTree = "<group>"; };
		27FDE9D91EBA06A400631788 /* ShipSelectedClientCommand.swift */ = {isa = PBXFileReference; fileEncoding = 4; lastKnownFileType = sourcecode.swift; path = ShipSelectedClientCommand.swift; sourceTree = "<group>"; };
		27FDE9DB1EBA06BB00631788 /* ShipSelectedServerCommand.swift */ = {isa = PBXFileReference; fileEncoding = 4; lastKnownFileType = sourcecode.swift; path = ShipSelectedServerCommand.swift; sourceTree = "<group>"; };
/* End PBXFileReference section */

/* Begin PBXFrameworksBuildPhase section */
		270C790E1E6B54B70045C868 /* Frameworks */ = {
			isa = PBXFrameworksBuildPhase;
			buildActionMask = 2147483647;
			files = (
			);
			runOnlyForDeploymentPostprocessing = 0;
		};
/* End PBXFrameworksBuildPhase section */

/* Begin PBXGroup section */
		270C79081E6B54B70045C868 = {
			isa = PBXGroup;
			children = (
				270C79131E6B54B70045C868 /* SpaceWars */,
				270C79121E6B54B70045C868 /* Products */,
			);
			sourceTree = "<group>";
		};
		270C79121E6B54B70045C868 /* Products */ = {
			isa = PBXGroup;
			children = (
				270C79111E6B54B70045C868 /* SpaceWars.app */,
			);
			name = Products;
			sourceTree = "<group>";
		};
		270C79131E6B54B70045C868 /* SpaceWars */ = {
			isa = PBXGroup;
			children = (
				27CE1EE81EBE180600BCB59E /* selection screen */,
				270D971A1E9A437000FFA117 /* hud */,
				270D97191E9A428500FFA117 /* environment */,
				27CABFE91E99233300CE0717 /* lib */,
				27B8BDD61E893173007D8EF7 /* mpc */,
				27C2E64E1E884A71001A52D5 /* commands */,
				27D913051E6D98810030EFAC /* layer */,
				27D913041E6D98400030EFAC /* scene */,
				27D913031E6D98230030EFAC /* extra */,
				27B5F30C1E6C342C00F05F72 /* object */,
				270C79141E6B54B70045C868 /* AppDelegate.swift */,
				270C791C1E6B54B70045C868 /* GameViewController.swift */,
				27B8BDD91E8944A8007D8EF7 /* LobbyViewController.swift */,
				270C79211E6B54B70045C868 /* Assets.xcassets */,
				270C791E1E6B54B70045C868 /* Main.storyboard */,
				270C79231E6B54B70045C868 /* LaunchScreen.storyboard */,
				270C79261E6B54B70045C868 /* Info.plist */,
			);
			path = SpaceWars;
			sourceTree = "<group>";
		};
		270D97191E9A428500FFA117 /* environment */ = {
			isa = PBXGroup;
			children = (
				270D97171E9A385600FFA117 /* GameEnvironment.swift */,
				270D97151E9A37CB00FFA117 /* SpacefieldBorder.swift */,
				277D47301E74B2B800901D8F /* StarField.swift */,
			);
			name = environment;
			sourceTree = "<group>";
		};
		270D971A1E9A437000FFA117 /* hud */ = {
			isa = PBXGroup;
			children = (
				27B8E02A1E740397003A12DE /* Joystick.swift */,
				2734B1C41E9AE39700EB71C2 /* FireButton.swift */,
				27B79C821E9D64A000DC4AD2 /* BarIndicator.swift */,
				27992DB51EAA363F00DF24A7 /* MiniMap.swift */,
				271F69991EB62E0200AAC43B /* Countdown.swift */,
				27E6BE3D1EBF3D82008FFC42 /* PausePanel.swift */,
				270B62FE1EBF671F0080D05B /* PauseButton.swift */,
			);
			name = hud;
			sourceTree = "<group>";
		};
		2719C9EA1E991795009D57B3 /* ship */ = {
			isa = PBXGroup;
			children = (
				2719C9EB1E991801009D57B3 /* Spaceship.swift */,
				2719C9DE1E9916F8009D57B3 /* HumanShip.swift */,
				2719C9E01E99171A009D57B3 /* RobotShip.swift */,
				2719C9E21E99172C009D57B3 /* SkeletonShip.swift */,
				2719C9E61E991764009D57B3 /* CPUSlaveShip.swift */,
				2719C9E81E99177E009D57B3 /* CPUMasterShip.swift */,
				2796F3781E9BFA7F006411AC /* Torpedo.swift */,
			);
			name = ship;
			sourceTree = "<group>";
		};
		273CAE901EAB99AF00E9213C /* item */ = {
			isa = PBXGroup;
			children = (
				270251F71EA8F41A00C5605A /* LifeOrb.swift */,
				273678B91E9FEE4C0055A643 /* Dilithium.swift */,
			);
			name = item;
			sourceTree = "<group>";
		};
		27B5F30C1E6C342C00F05F72 /* object */ = {
			isa = PBXGroup;
			children = (
				273CAE901EAB99AF00E9213C /* item */,
				2719C9EA1E991795009D57B3 /* ship */,
				27B752DF1EA960ED001CFD51 /* meteoroid */,
				2719C9DC1E99153D009D57B3 /* GameObject.swift */,
				270D971B1E9A4AB500FFA117 /* Blackhole.swift */,
				273CAE8E1EAB997B00E9213C /* Spacestation.swift */,
			);
			name = object;
			sourceTree = "<group>";
		};
		27B752DF1EA960ED001CFD51 /* meteoroid */ = {
			isa = PBXGroup;
			children = (
				27B752D91EA960BD001CFD51 /* Meteoroid.swift */,
				27B752DB1EA960D0001CFD51 /* SmallMeteoroid.swift */,
				27B752DD1EA960E2001CFD51 /* BigMeteoroid.swift */,
			);
			name = meteoroid;
			sourceTree = "<group>";
		};
		27B8BDD61E893173007D8EF7 /* mpc */ = {
			isa = PBXGroup;
			children = (
				27B8BDD71E8931E4007D8EF7 /* ConnectionManager.swift */,
				271F699B1EB686F100AAC43B /* Player.swift */,
				271F699D1EB6876600AAC43B /* ServerInterface.swift */,
				27C3A2081EB72B0200337027 /* ClientInterface.swift */,
			);
			name = mpc;
			sourceTree = "<group>";
		};
		27C2E64E1E884A71001A52D5 /* commands */ = {
			isa = PBXGroup;
			children = (
				27C2E64F1E884AB2001A52D5 /* Command.swift */,
				27C2E6511E884ACC001A52D5 /* CommandProcessor.swift */,
				27C2E6541E884AE8001A52D5 /* MoveServerCommand.swift */,
				27C3A20A1EB72F8200337027 /* MoveClientCommand.swift */,
				27C3A20C1EB73B4B00337027 /* NameServerCommand.swift */,
				27C3A20E1EB73B5900337027 /* NameClientCommand.swift */,
				27FDE9D71EB9F1C600631788 /* StartShipSelectionClientCommand.swift */,
				27FDE9D91EBA06A400631788 /* ShipSelectedClientCommand.swift */,
				27FDE9DB1EBA06BB00631788 /* ShipSelectedServerCommand.swift */,
				27CE1EE91EBE316800BCB59E /* SetupClientCommand.swift */,
				27E6BE271EBF19E1008FFC42 /* CollisionClientCommand.swift */,
				27E6BE291EBF241F008FFC42 /* FireServerCommand.swift */,
				27E6BE2B1EBF2435008FFC42 /* FireClientCommand.swift */,
				27E6BE2D1EBF25B0008FFC42 /* PauseServerCommand.swift */,
				27E6BE2F1EBF25BF008FFC42 /* PauseClientCommand.swift */,
				27E6BE311EBF260E008FFC42 /* StateSyncClientCommand.swift */,
				27E6BE331EBF26A0008FFC42 /* StationStatusClientCommand.swift */,
				27E6BE351EBF26F8008FFC42 /* ItemRespawnClientCommand.swift */,
				27E6BE391EBF2748008FFC42 /* GameoverClientCommand.swift */,
				27E6BE3B1EBF2EDC008FFC42 /* StartClientCommand.swift */,
			);
			name = commands;
			sourceTree = "<group>";
		};
		27CABFE91E99233300CE0717 /* lib */ = {
			isa = PBXGroup;
			children = (
				27CABFEA1E99235500CE0717 /* SwiftyJSON.swift */,
			);
			name = lib;
			sourceTree = "<group>";
		};
		27CE1EE81EBE180600BCB59E /* selection screen */ = {
			isa = PBXGroup;
			children = (
				27BF00881EBBA00C00EBA1C8 /* ShipSelection.swift */,
				279F414C1EBCA3EB006AF5A8 /* SelectionDisplay.swift */,
				27BF008C1EBBD8F500EBA1C8 /* StartButton.swift */,
				27BF008A1EBBA25B00EBA1C8 /* NavigationButtons.swift */,
			);
			name = "selection screen";
			sourceTree = "<group>";
		};
		27D913031E6D98230030EFAC /* extra */ = {
			isa = PBXGroup;
			children = (
				27D9130A1E6DBBE70030EFAC /* Global.swift */,
				27B5F30A1E6C335A00F05F72 /* Extensions.swift */,
				27CABFEC1E99418200CE0717 /* IDCounter.swift */,
				2734B1C21E9ACDB500EB71C2 /* ObjectManager.swift */,
				27E589131EAB4C120096247F /* Textures.swift */,
				27F9C1C91EAC904F00B39165 /* CPUController.swift */,
			);
			name = extra;
			sourceTree = "<group>";
		};
		27D913041E6D98400030EFAC /* scene */ = {
			isa = PBXGroup;
			children = (
				27D9130C1E6DC07D0030EFAC /* ShipSelectionScene.swift */,
				271980DE1E73230F006A058A /* GameScene.swift */,
			);
			name = scene;
			sourceTree = "<group>";
		};
		27D913051E6D98810030EFAC /* layer */ = {
			isa = PBXGroup;
			children = (
				27D913011E6D98140030EFAC /* World.swift */,
				27D913061E6D98CC0030EFAC /* Background.swift */,
				27D913081E6D98FB0030EFAC /* Overlay.swift */,
				27A6DCCF1E74772D00D66C7D /* PlayerCamera.swift */,
			);
			name = layer;
			sourceTree = "<group>";
		};
/* End PBXGroup section */

/* Begin PBXNativeTarget section */
		270C79101E6B54B70045C868 /* SpaceWars */ = {
			isa = PBXNativeTarget;
			buildConfigurationList = 270C79291E6B54B70045C868 /* Build configuration list for PBXNativeTarget "SpaceWars" */;
			buildPhases = (
				270C790D1E6B54B70045C868 /* Sources */,
				270C790E1E6B54B70045C868 /* Frameworks */,
				270C790F1E6B54B70045C868 /* Resources */,
			);
			buildRules = (
			);
			dependencies = (
			);
			name = SpaceWars;
			productName = SpaceWars;
			productReference = 270C79111E6B54B70045C868 /* SpaceWars.app */;
			productType = "com.apple.product-type.application";
		};
/* End PBXNativeTarget section */

/* Begin PBXProject section */
		270C79091E6B54B70045C868 /* Project object */ = {
			isa = PBXProject;
			attributes = {
				LastSwiftUpdateCheck = 0820;
				LastUpgradeCheck = 0820;
				ORGANIZATIONNAME = "Mike Pereira";
				TargetAttributes = {
					270C79101E6B54B70045C868 = {
						CreatedOnToolsVersion = 8.2.1;
						DevelopmentTeam = E499E7H6Y3;
						ProvisioningStyle = Automatic;
					};
				};
			};
			buildConfigurationList = 270C790C1E6B54B70045C868 /* Build configuration list for PBXProject "SpaceWars" */;
			compatibilityVersion = "Xcode 3.2";
			developmentRegion = English;
			hasScannedForEncodings = 0;
			knownRegions = (
				en,
				Base,
			);
			mainGroup = 270C79081E6B54B70045C868;
			productRefGroup = 270C79121E6B54B70045C868 /* Products */;
			projectDirPath = "";
			projectRoot = "";
			targets = (
				270C79101E6B54B70045C868 /* SpaceWars */,
			);
		};
/* End PBXProject section */

/* Begin PBXResourcesBuildPhase section */
		270C790F1E6B54B70045C868 /* Resources */ = {
			isa = PBXResourcesBuildPhase;
			buildActionMask = 2147483647;
			files = (
				270C79201E6B54B70045C868 /* Main.storyboard in Resources */,
				270C79221E6B54B70045C868 /* Assets.xcassets in Resources */,
				270C79251E6B54B70045C868 /* LaunchScreen.storyboard in Resources */,
			);
			runOnlyForDeploymentPostprocessing = 0;
		};
/* End PBXResourcesBuildPhase section */

/* Begin PBXSourcesBuildPhase section */
		270C790D1E6B54B70045C868 /* Sources */ = {
			isa = PBXSourcesBuildPhase;
			buildActionMask = 2147483647;
			files = (
				2719C9DD1E99153D009D57B3 /* GameObject.swift in Sources */,
				27BF008B1EBBA25B00EBA1C8 /* NavigationButtons.swift in Sources */,
				27E6BE2C1EBF2435008FFC42 /* FireClientCommand.swift in Sources */,
				27E6BE3A1EBF2748008FFC42 /* GameoverClientCommand.swift in Sources */,
				273CAE8F1EAB997B00E9213C /* Spacestation.swift in Sources */,
				27E6BE2E1EBF25B0008FFC42 /* PauseServerCommand.swift in Sources */,
				27CABFED1E99418200CE0717 /* IDCounter.swift in Sources */,
				2719C9EC1E991801009D57B3 /* Spaceship.swift in Sources */,
				27992DB61EAA363F00DF24A7 /* MiniMap.swift in Sources */,
				27D9130D1E6DC07D0030EFAC /* ShipSelectionScene.swift in Sources */,
				270D97181E9A385600FFA117 /* GameEnvironment.swift in Sources */,
				27C3A20B1EB72F8200337027 /* MoveClientCommand.swift in Sources */,
				271F699A1EB62E0200AAC43B /* Countdown.swift in Sources */,
				270C791D1E6B54B70045C868 /* GameViewController.swift in Sources */,
				270C79151E6B54B70045C868 /* AppDelegate.swift in Sources */,
				270251F81EA8F41A00C5605A /* LifeOrb.swift in Sources */,
				27E6BE2A1EBF241F008FFC42 /* FireServerCommand.swift in Sources */,
				277D47311E74B2B800901D8F /* StarField.swift in Sources */,
				27FDE9DC1EBA06BB00631788 /* ShipSelectedServerCommand.swift in Sources */,
				27FDE9DA1EBA06A400631788 /* ShipSelectedClientCommand.swift in Sources */,
				27C2E6521E884ACC001A52D5 /* CommandProcessor.swift in Sources */,
				27FDE9D81EB9F1C600631788 /* StartShipSelectionClientCommand.swift in Sources */,
				27E6BE3E1EBF3D82008FFC42 /* PausePanel.swift in Sources */,
				27D913091E6D98FB0030EFAC /* Overlay.swift in Sources */,
				27B5F30B1E6C335A00F05F72 /* Extensions.swift in Sources */,
				27C2E6501E884AB2001A52D5 /* Command.swift in Sources */,
				273678BA1E9FEE4D0055A643 /* Dilithium.swift in Sources */,
				27C3A20D1EB73B4B00337027 /* NameServerCommand.swift in Sources */,
				2734B1C51E9AE39700EB71C2 /* FireButton.swift in Sources */,
				27D913071E6D98CC0030EFAC /* Background.swift in Sources */,
				270D971C1E9A4AB500FFA117 /* Blackhole.swift in Sources */,
				2719C9E11E99171A009D57B3 /* RobotShip.swift in Sources */,
				27D913021E6D98140030EFAC /* World.swift in Sources */,
				27E6BE301EBF25BF008FFC42 /* PauseClientCommand.swift in Sources */,
				2796F3791E9BFA7F006411AC /* Torpedo.swift in Sources */,
				279F414D1EBCA3EB006AF5A8 /* SelectionDisplay.swift in Sources */,
				27BF00891EBBA00C00EBA1C8 /* ShipSelection.swift in Sources */,
				27D9130B1E6DBBE70030EFAC /* Global.swift in Sources */,
				2719C9E91E99177E009D57B3 /* CPUMasterShip.swift in Sources */,
				27E6BE361EBF26F8008FFC42 /* ItemRespawnClientCommand.swift in Sources */,
				27B8BDD81E8931E4007D8EF7 /* ConnectionManager.swift in Sources */,
				27B752DC1EA960D0001CFD51 /* SmallMeteoroid.swift in Sources */,
				27A6DCD01E74772D00D66C7D /* PlayerCamera.swift in Sources */,
				27B79C831E9D64A000DC4AD2 /* BarIndicator.swift in Sources */,
				27B8E02B1E740397003A12DE /* Joystick.swift in Sources */,
				27CE1EEA1EBE316800BCB59E /* SetupClientCommand.swift in Sources */,
				271F699E1EB6876600AAC43B /* ServerInterface.swift in Sources */,
				27B8BDDA1E8944A8007D8EF7 /* LobbyViewController.swift in Sources */,
				270B62FF1EBF671F0080D05B /* PauseButton.swift in Sources */,
				27C3A20F1EB73B5900337027 /* NameClientCommand.swift in Sources */,
				27C2E6551E884AE8001A52D5 /* MoveServerCommand.swift in Sources */,
				270D97161E9A37CB00FFA117 /* SpacefieldBorder.swift in Sources */,
				2719C9E31E99172C009D57B3 /* SkeletonShip.swift in Sources */,
				2734B1C31E9ACDB500EB71C2 /* ObjectManager.swift in Sources */,
				2719C9DF1E9916F8009D57B3 /* HumanShip.swift in Sources */,
				27F9C1CA1EAC904F00B39165 /* CPUController.swift in Sources */,
				27B752DE1EA960E2001CFD51 /* BigMeteoroid.swift in Sources */,
				27E6BE341EBF26A0008FFC42 /* StationStatusClientCommand.swift in Sources */,
				27BF008D1EBBD8F500EBA1C8 /* StartButton.swift in Sources */,
				27E589141EAB4C120096247F /* Textures.swift in Sources */,
				27E6BE281EBF19E1008FFC42 /* CollisionClientCommand.swift in Sources */,
				27B752DA1EA960BD001CFD51 /* Meteoroid.swift in Sources */,
				27CABFEB1E99235500CE0717 /* SwiftyJSON.swift in Sources */,
				2719C9E71E991764009D57B3 /* CPUSlaveShip.swift in Sources */,
				27E6BE3C1EBF2EDC008FFC42 /* StartClientCommand.swift in Sources */,
				27C3A2091EB72B0200337027 /* ClientInterface.swift in Sources */,
				271F699C1EB686F100AAC43B /* Player.swift in Sources */,
				271980DF1E73230F006A058A /* GameScene.swift in Sources */,
				27E6BE321EBF260E008FFC42 /* StateSyncClientCommand.swift in Sources */,
			);
			runOnlyForDeploymentPostprocessing = 0;
		};
/* End PBXSourcesBuildPhase section */

/* Begin PBXVariantGroup section */
		270C791E1E6B54B70045C868 /* Main.storyboard */ = {
			isa = PBXVariantGroup;
			children = (
				270C791F1E6B54B70045C868 /* Base */,
			);
			name = Main.storyboard;
			sourceTree = "<group>";
		};
		270C79231E6B54B70045C868 /* LaunchScreen.storyboard */ = {
			isa = PBXVariantGroup;
			children = (
				270C79241E6B54B70045C868 /* Base */,
			);
			name = LaunchScreen.storyboard;
			sourceTree = "<group>";
		};
/* End PBXVariantGroup section */

/* Begin XCBuildConfiguration section */
		270C79271E6B54B70045C868 /* Debug */ = {
			isa = XCBuildConfiguration;
			buildSettings = {
				ALWAYS_SEARCH_USER_PATHS = NO;
				CLANG_ANALYZER_NONNULL = YES;
				CLANG_CXX_LANGUAGE_STANDARD = "gnu++0x";
				CLANG_CXX_LIBRARY = "libc++";
				CLANG_ENABLE_MODULES = YES;
				CLANG_ENABLE_OBJC_ARC = YES;
				CLANG_WARN_BOOL_CONVERSION = YES;
				CLANG_WARN_CONSTANT_CONVERSION = YES;
				CLANG_WARN_DIRECT_OBJC_ISA_USAGE = YES_ERROR;
				CLANG_WARN_DOCUMENTATION_COMMENTS = YES;
				CLANG_WARN_EMPTY_BODY = YES;
				CLANG_WARN_ENUM_CONVERSION = YES;
				CLANG_WARN_INFINITE_RECURSION = YES;
				CLANG_WARN_INT_CONVERSION = YES;
				CLANG_WARN_OBJC_ROOT_CLASS = YES_ERROR;
				CLANG_WARN_SUSPICIOUS_MOVE = YES;
				CLANG_WARN_UNREACHABLE_CODE = YES;
				CLANG_WARN__DUPLICATE_METHOD_MATCH = YES;
				"CODE_SIGN_IDENTITY[sdk=iphoneos*]" = "iPhone Developer";
				COPY_PHASE_STRIP = NO;
				DEBUG_INFORMATION_FORMAT = dwarf;
				ENABLE_STRICT_OBJC_MSGSEND = YES;
				ENABLE_TESTABILITY = YES;
				GCC_C_LANGUAGE_STANDARD = gnu99;
				GCC_DYNAMIC_NO_PIC = NO;
				GCC_NO_COMMON_BLOCKS = YES;
				GCC_OPTIMIZATION_LEVEL = 0;
				GCC_PREPROCESSOR_DEFINITIONS = (
					"DEBUG=1",
					"$(inherited)",
				);
				GCC_WARN_64_TO_32_BIT_CONVERSION = YES;
				GCC_WARN_ABOUT_RETURN_TYPE = YES_ERROR;
				GCC_WARN_UNDECLARED_SELECTOR = YES;
				GCC_WARN_UNINITIALIZED_AUTOS = YES_AGGRESSIVE;
				GCC_WARN_UNUSED_FUNCTION = YES;
				GCC_WARN_UNUSED_VARIABLE = YES;
				IPHONEOS_DEPLOYMENT_TARGET = 10.2;
				MTL_ENABLE_DEBUG_INFO = YES;
				ONLY_ACTIVE_ARCH = YES;
				SDKROOT = iphoneos;
				SWIFT_ACTIVE_COMPILATION_CONDITIONS = DEBUG;
				SWIFT_OPTIMIZATION_LEVEL = "-Onone";
				TARGETED_DEVICE_FAMILY = "1,2";
			};
			name = Debug;
		};
		270C79281E6B54B70045C868 /* Release */ = {
			isa = XCBuildConfiguration;
			buildSettings = {
				ALWAYS_SEARCH_USER_PATHS = NO;
				CLANG_ANALYZER_NONNULL = YES;
				CLANG_CXX_LANGUAGE_STANDARD = "gnu++0x";
				CLANG_CXX_LIBRARY = "libc++";
				CLANG_ENABLE_MODULES = YES;
				CLANG_ENABLE_OBJC_ARC = YES;
				CLANG_WARN_BOOL_CONVERSION = YES;
				CLANG_WARN_CONSTANT_CONVERSION = YES;
				CLANG_WARN_DIRECT_OBJC_ISA_USAGE = YES_ERROR;
				CLANG_WARN_DOCUMENTATION_COMMENTS = YES;
				CLANG_WARN_EMPTY_BODY = YES;
				CLANG_WARN_ENUM_CONVERSION = YES;
				CLANG_WARN_INFINITE_RECURSION = YES;
				CLANG_WARN_INT_CONVERSION = YES;
				CLANG_WARN_OBJC_ROOT_CLASS = YES_ERROR;
				CLANG_WARN_SUSPICIOUS_MOVE = YES;
				CLANG_WARN_UNREACHABLE_CODE = YES;
				CLANG_WARN__DUPLICATE_METHOD_MATCH = YES;
				"CODE_SIGN_IDENTITY[sdk=iphoneos*]" = "iPhone Developer";
				COPY_PHASE_STRIP = NO;
				DEBUG_INFORMATION_FORMAT = "dwarf-with-dsym";
				ENABLE_NS_ASSERTIONS = NO;
				ENABLE_STRICT_OBJC_MSGSEND = YES;
				GCC_C_LANGUAGE_STANDARD = gnu99;
				GCC_NO_COMMON_BLOCKS = YES;
				GCC_WARN_64_TO_32_BIT_CONVERSION = YES;
				GCC_WARN_ABOUT_RETURN_TYPE = YES_ERROR;
				GCC_WARN_UNDECLARED_SELECTOR = YES;
				GCC_WARN_UNINITIALIZED_AUTOS = YES_AGGRESSIVE;
				GCC_WARN_UNUSED_FUNCTION = YES;
				GCC_WARN_UNUSED_VARIABLE = YES;
				IPHONEOS_DEPLOYMENT_TARGET = 10.2;
				MTL_ENABLE_DEBUG_INFO = NO;
				SDKROOT = iphoneos;
				SWIFT_OPTIMIZATION_LEVEL = "-Owholemodule";
				TARGETED_DEVICE_FAMILY = "1,2";
				VALIDATE_PRODUCT = YES;
			};
			name = Release;
		};
		270C792A1E6B54B70045C868 /* Debug */ = {
			isa = XCBuildConfiguration;
			buildSettings = {
				ASSETCATALOG_COMPILER_APPICON_NAME = AppIcon;
				"CODE_SIGN_IDENTITY[sdk=iphoneos*]" = "iPhone Developer";
				DEVELOPMENT_TEAM = E499E7H6Y3;
				INFOPLIST_FILE = SpaceWars/Info.plist;
				IPHONEOS_DEPLOYMENT_TARGET = 10.2;
				LD_RUNPATH_SEARCH_PATHS = "$(inherited) @executable_path/Frameworks";
				PRODUCT_BUNDLE_IDENTIFIER = lu.uni.mike.SpaceWars;
				PRODUCT_NAME = "$(TARGET_NAME)";
				PROVISIONING_PROFILE_SPECIFIER = "";
				SWIFT_VERSION = 3.0;
				TARGETED_DEVICE_FAMILY = "1,2";
			};
			name = Debug;
		};
		270C792B1E6B54B70045C868 /* Release */ = {
			isa = XCBuildConfiguration;
			buildSettings = {
				ASSETCATALOG_COMPILER_APPICON_NAME = AppIcon;
				"CODE_SIGN_IDENTITY[sdk=iphoneos*]" = "iPhone Developer";
				DEVELOPMENT_TEAM = E499E7H6Y3;
				INFOPLIST_FILE = SpaceWars/Info.plist;
				IPHONEOS_DEPLOYMENT_TARGET = 10.2;
				LD_RUNPATH_SEARCH_PATHS = "$(inherited) @executable_path/Frameworks";
				PRODUCT_BUNDLE_IDENTIFIER = lu.uni.mike.SpaceWars;
				PRODUCT_NAME = "$(TARGET_NAME)";
				PROVISIONING_PROFILE_SPECIFIER = "";
				SWIFT_VERSION = 3.0;
				TARGETED_DEVICE_FAMILY = "1,2";
			};
			name = Release;
		};
/* End XCBuildConfiguration section */

/* Begin XCConfigurationList section */
		270C790C1E6B54B70045C868 /* Build configuration list for PBXProject "SpaceWars" */ = {
			isa = XCConfigurationList;
			buildConfigurations = (
				270C79271E6B54B70045C868 /* Debug */,
				270C79281E6B54B70045C868 /* Release */,
			);
			defaultConfigurationIsVisible = 0;
			defaultConfigurationName = Release;
		};
		270C79291E6B54B70045C868 /* Build configuration list for PBXNativeTarget "SpaceWars" */ = {
			isa = XCConfigurationList;
			buildConfigurations = (
				270C792A1E6B54B70045C868 /* Debug */,
				270C792B1E6B54B70045C868 /* Release */,
			);
			defaultConfigurationIsVisible = 0;
			defaultConfigurationName = Release;
		};
/* End XCConfigurationList section */
	};
	rootObject = 270C79091E6B54B70045C868 /* Project object */;
}
